<?xml version="1.0" encoding="utf-8"?>
<Project ToolsVersion="4.0" xmlns="http://schemas.microsoft.com/developer/msbuild/2003">
  <ItemGroup>
    <Filter Include="Hazel">
      <UniqueIdentifier>{99294D0D-053E-75BE-CEBF-181E3A9371EF}</UniqueIdentifier>
    </Filter>
    <Filter Include="Hazel\vendor">
      <UniqueIdentifier>{D6D9B06F-C23C-4014-6BC2-78CA57040C97}</UniqueIdentifier>
    </Filter>
    <Filter Include="Hazel\vendor\glm">
      <UniqueIdentifier>{255FB12D-1158-D07F-3A8A-B50426E2AF8B}</UniqueIdentifier>
    </Filter>
    <Filter Include="Hazel\vendor\glm\glm">
      <UniqueIdentifier>{F4F30158-E082-8B21-89A1-9F1C750F9CC7}</UniqueIdentifier>
    </Filter>
    <Filter Include="src">
      <UniqueIdentifier>{2DAB880B-99B4-887C-2230-9F7C8E38947C}</UniqueIdentifier>
    </Filter>
  </ItemGroup>
  <ItemGroup>
    <ClInclude Include="..\Hazel\vendor\glm\glm\common.hpp">
      <Filter>Hazel\vendor\glm\glm</Filter>
    </ClInclude>
    <ClInclude Include="..\Hazel\vendor\glm\glm\exponential.hpp">
      <Filter>Hazel\vendor\glm\glm</Filter>
    </ClInclude>
    <ClInclude Include="..\Hazel\vendor\glm\glm\ext.hpp">
      <Filter>Hazel\vendor\glm\glm</Filter>
    </ClInclude>
    <ClInclude Include="..\Hazel\vendor\glm\glm\fwd.hpp">
      <Filter>Hazel\vendor\glm\glm</Filter>
    </ClInclude>
    <ClInclude Include="..\Hazel\vendor\glm\glm\geometric.hpp">
      <Filter>Hazel\vendor\glm\glm</Filter>
    </ClInclude>
    <ClInclude Include="..\Hazel\vendor\glm\glm\glm.hpp">
      <Filter>Hazel\vendor\glm\glm</Filter>
    </ClInclude>
    <ClInclude Include="..\Hazel\vendor\glm\glm\integer.hpp">
      <Filter>Hazel\vendor\glm\glm</Filter>
    </ClInclude>
    <ClInclude Include="..\Hazel\vendor\glm\glm\mat2x2.hpp">
      <Filter>Hazel\vendor\glm\glm</Filter>
    </ClInclude>
    <ClInclude Include="..\Hazel\vendor\glm\glm\mat2x3.hpp">
      <Filter>Hazel\vendor\glm\glm</Filter>
    </ClInclude>
    <ClInclude Include="..\Hazel\vendor\glm\glm\mat2x4.hpp">
      <Filter>Hazel\vendor\glm\glm</Filter>
    </ClInclude>
    <ClInclude Include="..\Hazel\vendor\glm\glm\mat3x2.hpp">
      <Filter>Hazel\vendor\glm\glm</Filter>
    </ClInclude>
    <ClInclude Include="..\Hazel\vendor\glm\glm\mat3x3.hpp">
      <Filter>Hazel\vendor\glm\glm</Filter>
    </ClInclude>
    <ClInclude Include="..\Hazel\vendor\glm\glm\mat3x4.hpp">
      <Filter>Hazel\vendor\glm\glm</Filter>
    </ClInclude>
    <ClInclude Include="..\Hazel\vendor\glm\glm\mat4x2.hpp">
      <Filter>Hazel\vendor\glm\glm</Filter>
    </ClInclude>
    <ClInclude Include="..\Hazel\vendor\glm\glm\mat4x3.hpp">
      <Filter>Hazel\vendor\glm\glm</Filter>
    </ClInclude>
    <ClInclude Include="..\Hazel\vendor\glm\glm\mat4x4.hpp">
      <Filter>Hazel\vendor\glm\glm</Filter>
    </ClInclude>
    <ClInclude Include="..\Hazel\vendor\glm\glm\matrix.hpp">
      <Filter>Hazel\vendor\glm\glm</Filter>
    </ClInclude>
    <ClInclude Include="..\Hazel\vendor\glm\glm\packing.hpp">
      <Filter>Hazel\vendor\glm\glm</Filter>
    </ClInclude>
    <ClInclude Include="..\Hazel\vendor\glm\glm\trigonometric.hpp">
      <Filter>Hazel\vendor\glm\glm</Filter>
    </ClInclude>
    <ClInclude Include="..\Hazel\vendor\glm\glm\vec2.hpp">
      <Filter>Hazel\vendor\glm\glm</Filter>
    </ClInclude>
    <ClInclude Include="..\Hazel\vendor\glm\glm\vec3.hpp">
      <Filter>Hazel\vendor\glm\glm</Filter>
    </ClInclude>
    <ClInclude Include="..\Hazel\vendor\glm\glm\vec4.hpp">
      <Filter>Hazel\vendor\glm\glm</Filter>
    </ClInclude>
    <ClInclude Include="..\Hazel\vendor\glm\glm\vector_relational.hpp">
      <Filter>Hazel\vendor\glm\glm</Filter>
    </ClInclude>
  </ItemGroup>
  <ItemGroup>
    <ClCompile Include="src\Sandbox.cpp">
      <Filter>src</Filter>
    </ClCompile>
  </ItemGroup>
</Project>